// !$*UTF8*$!
{
	archiveVersion = 1;
	classes = {
	};
	objectVersion = 50;
	objects = {

/* Begin PBXBuildFile section */
		D35D912626089DDB00E345BD /* AppDelegate.swift in Sources */ = {isa = PBXBuildFile; fileRef = D35D912526089DDB00E345BD /* AppDelegate.swift */; };
		D35D912826089DDB00E345BD /* SceneDelegate.swift in Sources */ = {isa = PBXBuildFile; fileRef = D35D912726089DDB00E345BD /* SceneDelegate.swift */; };
		D35D912A26089DDB00E345BD /* ViewController.swift in Sources */ = {isa = PBXBuildFile; fileRef = D35D912926089DDB00E345BD /* ViewController.swift */; };
		D35D912D26089DDB00E345BD /* Main.storyboard in Resources */ = {isa = PBXBuildFile; fileRef = D35D912B26089DDB00E345BD /* Main.storyboard */; };
		D35D912F26089DDE00E345BD /* Assets.xcassets in Resources */ = {isa = PBXBuildFile; fileRef = D35D912E26089DDE00E345BD /* Assets.xcassets */; };
		D35D913226089DDE00E345BD /* LaunchScreen.storyboard in Resources */ = {isa = PBXBuildFile; fileRef = D35D913026089DDE00E345BD /* LaunchScreen.storyboard */; };
		D35D913B26089E7E00E345BD /* MyCustomView.xib in Resources */ = {isa = PBXBuildFile; fileRef = D35D913A26089E7E00E345BD /* MyCustomView.xib */; };
		D35D913E26089EAB00E345BD /* MyCustomView.swift in Sources */ = {isa = PBXBuildFile; fileRef = D35D913D26089EAB00E345BD /* MyCustomView.swift */; };
/* End PBXBuildFile section */

/* Begin PBXFileReference section */
		D35D912226089DDB00E345BD /* MyCustomViewProject.app */ = {isa = PBXFileReference; explicitFileType = wrapper.application; includeInIndex = 0; path = MyCustomViewProject.app; sourceTree = BUILT_PRODUCTS_DIR; };
		D35D912526089DDB00E345BD /* AppDelegate.swift */ = {isa = PBXFileReference; lastKnownFileType = sourcecode.swift; path = AppDelegate.swift; sourceTree = "<group>"; };
		D35D912726089DDB00E345BD /* SceneDelegate.swift */ = {isa = PBXFileReference; lastKnownFileType = sourcecode.swift; path = SceneDelegate.swift; sourceTree = "<group>"; };
		D35D912926089DDB00E345BD /* ViewController.swift */ = {isa = PBXFileReference; lastKnownFileType = sourcecode.swift; path = ViewController.swift; sourceTree = "<group>"; };
		D35D912C26089DDB00E345BD /* Base */ = {isa = PBXFileReference; lastKnownFileType = file.storyboard; name = Base; path = Base.lproj/Main.storyboard; sourceTree = "<group>"; };
		D35D912E26089DDE00E345BD /* Assets.xcassets */ = {isa = PBXFileReference; lastKnownFileType = folder.assetcatalog; path = Assets.xcassets; sourceTree = "<group>"; };
		D35D913126089DDE00E345BD /* Base */ = {isa = PBXFileReference; lastKnownFileType = file.storyboard; name = Base; path = Base.lproj/LaunchScreen.storyboard; sourceTree = "<group>"; };
		D35D913326089DDE00E345BD /* Info.plist */ = {isa = PBXFileReference; lastKnownFileType = text.plist.xml; path = Info.plist; sourceTree = "<group>"; };
		D35D913A26089E7E00E345BD /* MyCustomView.xib */ = {isa = PBXFileReference; lastKnownFileType = file.xib; path = MyCustomView.xib; sourceTree = "<group>"; };
		D35D913D26089EAB00E345BD /* MyCustomView.swift */ = {isa = PBXFileReference; lastKnownFileType = sourcecode.swift; path = MyCustomView.swift; sourceTree = "<group>"; };
/* End PBXFileReference section */

/* Begin PBXFrameworksBuildPhase section */
		D35D911F26089DDB00E345BD /* Frameworks */ = {
			isa = PBXFrameworksBuildPhase;
			buildActionMask = 2147483647;
			files = (
			);
			runOnlyForDeploymentPostprocessing = 0;
		};
/* End PBXFrameworksBuildPhase section */

/* Begin PBXGroup section */
		D35D911926089DDB00E345BD = {
			isa = PBXGroup;
			children = (
				D35D912426089DDB00E345BD /* MyCustomViewProject */,
				D35D912326089DDB00E345BD /* Products */,
			);
			sourceTree = "<group>";
		};
		D35D912326089DDB00E345BD /* Products */ = {
			isa = PBXGroup;
			children = (
				D35D912226089DDB00E345BD /* MyCustomViewProject.app */,
			);
			name = Products;
			sourceTree = "<group>";
		};
		D35D912426089DDB00E345BD /* MyCustomViewProject */ = {
			isa = PBXGroup;
			children = (
				D35D912526089DDB00E345BD /* AppDelegate.swift */,
				D35D912726089DDB00E345BD /* SceneDelegate.swift */,
				D35D912926089DDB00E345BD /* ViewController.swift */,
				D35D912B26089DDB00E345BD /* Main.storyboard */,
				D35D913A26089E7E00E345BD /* MyCustomView.xib */,
				D35D913D26089EAB00E345BD /* MyCustomView.swift */,
				D35D912E26089DDE00E345BD /* Assets.xcassets */,
				D35D913026089DDE00E345BD /* LaunchScreen.storyboard */,
				D35D913326089DDE00E345BD /* Info.plist */,
			);
			path = MyCustomViewProject;
			sourceTree = "<group>";
		};
/* End PBXGroup section */

/* Begin PBXNativeTarget section */
		D35D912126089DDB00E345BD /* MyCustomViewProject */ = {
			isa = PBXNativeTarget;
			buildConfigurationList = D35D913626089DDE00E345BD /* Build configuration list for PBXNativeTarget "MyCustomViewProject" */;
			buildPhases = (
				D35D911E26089DDB00E345BD /* Sources */,
				D35D911F26089DDB00E345BD /* Frameworks */,
				D35D912026089DDB00E345BD /* Resources */,
			);
			buildRules = (
			);
			dependencies = (
			);
			name = MyCustomViewProject;
			productName = MyCustomViewProject;
			productReference = D35D912226089DDB00E345BD /* MyCustomViewProject.app */;
			productType = "com.apple.product-type.application";
		};
/* End PBXNativeTarget section */

/* Begin PBXProject section */
		D35D911A26089DDB00E345BD /* Project object */ = {
			isa = PBXProject;
			attributes = {
				LastSwiftUpdateCheck = 1240;
				LastUpgradeCheck = 1240;
				TargetAttributes = {
					D35D912126089DDB00E345BD = {
						CreatedOnToolsVersion = 12.4;
					};
				};
			};
			buildConfigurationList = D35D911D26089DDB00E345BD /* Build configuration list for PBXProject "MyCustomViewProject" */;
			compatibilityVersion = "Xcode 9.3";
			developmentRegion = en;
			hasScannedForEncodings = 0;
			knownRegions = (
				en,
				Base,
			);
			mainGroup = D35D911926089DDB00E345BD;
			productRefGroup = D35D912326089DDB00E345BD /* Products */;
			projectDirPath = "";
			projectRoot = "";
			targets = (
				D35D912126089DDB00E345BD /* MyCustomViewProject */,
			);
		};
/* End PBXProject section */

/* Begin PBXResourcesBuildPhase section */
		D35D912026089DDB00E345BD /* Resources */ = {
			isa = PBXResourcesBuildPhase;
			buildActionMask = 2147483647;
			files = (
				D35D913226089DDE00E345BD /* LaunchScreen.storyboard in Resources */,
				D35D913B26089E7E00E345BD /* MyCustomView.xib in Resources */,
				D35D912F26089DDE00E345BD /* Assets.xcassets in Resources */,
				D35D912D26089DDB00E345BD /* Main.storyboard in Resources */,
			);
			runOnlyForDeploymentPostprocessing = 0;
		};
/* End PBXResourcesBuildPhase section */

/* Begin PBXSourcesBuildPhase section */
		D35D911E26089DDB00E345BD /* Sources */ = {
			isa = PBXSourcesBuildPhase;
			buildActionMask = 2147483647;
			files = (
				D35D912A26089DDB00E345BD /* ViewController.swift in Sources */,
				D35D913E26089EAB00E345BD /* MyCustomView.swift in Sources */,
				D35D912626089DDB00E345BD /* AppDelegate.swift in Sources */,
				D35D912826089DDB00E345BD /* SceneDelegate.swift in Sources */,
			);
			runOnlyForDeploymentPostprocessing = 0;
		};
/* End PBXSourcesBuildPhase section */

/* Begin PBXVariantGroup section */
		D35D912B26089DDB00E345BD /* Main.storyboard */ = {
			isa = PBXVariantGroup;
			children = (
				D35D912C26089DDB00E345BD /* Base */,
			);
			name = Main.storyboard;
			sourceTree = "<group>";
		};
		D35D913026089DDE00E345BD /* LaunchScreen.storyboard */ = {
			isa = PBXVariantGroup;
			children = (
				D35D913126089DDE00E345BD /* Base */,
			);
			name = LaunchScreen.storyboard;
			sourceTree = "<group>";
		};
/* End PBXVariantGroup section */

/* Begin XCBuildConfiguration section */
		D35D913426089DDE00E345BD /* Debug */ = {
			isa = XCBuildConfiguration;
			buildSettings = {
				ALWAYS_SEARCH_USER_PATHS = NO;
				CLANG_ANALYZER_NONNULL = YES;
				CLANG_ANALYZER_NUMBER_OBJECT_CONVERSION = YES_AGGRESSIVE;
				CLANG_CXX_LANGUAGE_STANDARD = "gnu++14";
				CLANG_CXX_LIBRARY = "libc++";
				CLANG_ENABLE_MODULES = YES;
				CLANG_ENABLE_OBJC_ARC = YES;
				CLANG_ENABLE_OBJC_WEAK = YES;
				CLANG_WARN_BLOCK_CAPTURE_AUTORELEASING = YES;
				CLANG_WARN_BOOL_CONVERSION = YES;
				CLANG_WARN_COMMA = YES;
				CLANG_WARN_CONSTANT_CONVERSION = YES;
				CLANG_WARN_DEPRECATED_OBJC_IMPLEMENTATIONS = YES;
				CLANG_WARN_DIRECT_OBJC_ISA_USAGE = YES_ERROR;
				CLANG_WARN_DOCUMENTATION_COMMENTS = YES;
				CLANG_WARN_EMPTY_BODY = YES;
				CLANG_WARN_ENUM_CONVERSION = YES;
				CLANG_WARN_INFINITE_RECURSION = YES;
				CLANG_WARN_INT_CONVERSION = YES;
				CLANG_WARN_NON_LITERAL_NULL_CONVERSION = YES;
				CLANG_WARN_OBJC_IMPLICIT_RETAIN_SELF = YES;
				CLANG_WARN_OBJC_LITERAL_CONVERSION = YES;
				CLANG_WARN_OBJC_ROOT_CLASS = YES_ERROR;
				CLANG_WARN_QUOTED_INCLUDE_IN_FRAMEWORK_HEADER = YES;
				CLANG_WARN_RANGE_LOOP_ANALYSIS = YES;
				CLANG_WARN_STRICT_PROTOTYPES = YES;
				CLANG_WARN_SUSPICIOUS_MOVE = YES;
				CLANG_WARN_UNGUARDED_AVAILABILITY = YES_AGGRESSIVE;
				CLANG_WARN_UNREACHABLE_CODE = YES;
				CLANG_WARN__DUPLICATE_METHOD_MATCH = YES;
				COPY_PHASE_STRIP = NO;
				DEBUG_INFORMATION_FORMAT = dwarf;
				ENABLE_STRICT_OBJC_MSGSEND = YES;
				ENABLE_TESTABILITY = YES;
				GCC_C_LANGUAGE_STANDARD = gnu11;
				GCC_DYNAMIC_NO_PIC = NO;
				GCC_NO_COMMON_BLOCKS = YES;
				GCC_OPTIMIZATION_LEVEL = 0;
				GCC_PREPROCESSOR_DEFINITIONS = (
					"DEBUG=1",
					"$(inherited)",
				);
				GCC_WARN_64_TO_32_BIT_CONVERSION = YES;
				GCC_WARN_ABOUT_RETURN_TYPE = YES_ERROR;
				GCC_WARN_UNDECLARED_SELECTOR = YES;
				GCC_WARN_UNINITIALIZED_AUTOS = YES_AGGRESSIVE;
				GCC_WARN_UNUSED_FUNCTION = YES;
				GCC_WARN_UNUSED_VARIABLE = YES;
				IPHONEOS_DEPLOYMENT_TARGET = 14.4;
				MTL_ENABLE_DEBUG_INFO = INCLUDE_SOURCE;
				MTL_FAST_MATH = YES;
				ONLY_ACTIVE_ARCH = YES;
				SDKROOT = iphoneos;
				SWIFT_ACTIVE_COMPILATION_CONDITIONS = DEBUG;
				SWIFT_OPTIMIZATION_LEVEL = "-Onone";
			};
			name = Debug;
		};
		D35D913526089DDE00E345BD /* Release */ = {
			isa = XCBuildConfiguration;
			buildSettings = {
				ALWAYS_SEARCH_USER_PATHS = NO;
				CLANG_ANALYZER_NONNULL = YES;
				CLANG_ANALYZER_NUMBER_OBJECT_CONVERSION = YES_AGGRESSIVE;
				CLANG_CXX_LANGUAGE_STANDARD = "gnu++14";
				CLANG_CXX_LIBRARY = "libc++";
				CLANG_ENABLE_MODULES = YES;
				CLANG_ENABLE_OBJC_ARC = YES;
				CLANG_ENABLE_OBJC_WEAK = YES;
				CLANG_WARN_BLOCK_CAPTURE_AUTORELEASING = YES;
				CLANG_WARN_BOOL_CONVERSION = YES;
				CLANG_WARN_COMMA = YES;
				CLANG_WARN_CONSTANT_CONVERSION = YES;
				CLANG_WARN_DEPRECATED_OBJC_IMPLEMENTATIONS = YES;
				CLANG_WARN_DIRECT_OBJC_ISA_USAGE = YES_ERROR;
				CLANG_WARN_DOCUMENTATION_COMMENTS = YES;
				CLANG_WARN_EMPTY_BODY = YES;
				CLANG_WARN_ENUM_CONVERSION = YES;
				CLANG_WARN_INFINITE_RECURSION = YES;
				CLANG_WARN_INT_CONVERSION = YES;
				CLANG_WARN_NON_LITERAL_NULL_CONVERSION = YES;
				CLANG_WARN_OBJC_IMPLICIT_RETAIN_SELF = YES;
				CLANG_WARN_OBJC_LITERAL_CONVERSION = YES;
				CLANG_WARN_OBJC_ROOT_CLASS = YES_ERROR;
				CLANG_WARN_QUOTED_INCLUDE_IN_FRAMEWORK_HEADER = YES;
				CLANG_WARN_RANGE_LOOP_ANALYSIS = YES;
				CLANG_WARN_STRICT_PROTOTYPES = YES;
				CLANG_WARN_SUSPICIOUS_MOVE = YES;
				CLANG_WARN_UNGUARDED_AVAILABILITY = YES_AGGRESSIVE;
				CLANG_WARN_UNREACHABLE_CODE = YES;
				CLANG_WARN__DUPLICATE_METHOD_MATCH = YES;
				COPY_PHASE_STRIP = NO;
				DEBUG_INFORMATION_FORMAT = "dwarf-with-dsym";
				ENABLE_NS_ASSERTIONS = NO;
				ENABLE_STRICT_OBJC_MSGSEND = YES;
				GCC_C_LANGUAGE_STANDARD = gnu11;
				GCC_NO_COMMON_BLOCKS = YES;
				GCC_WARN_64_TO_32_BIT_CONVERSION = YES;
				GCC_WARN_ABOUT_RETURN_TYPE = YES_ERROR;
				GCC_WARN_UNDECLARED_SELECTOR = YES;
				GCC_WARN_UNINITIALIZED_AUTOS = YES_AGGRESSIVE;
				GCC_WARN_UNUSED_FUNCTION = YES;
				GCC_WARN_UNUSED_VARIABLE = YES;
				IPHONEOS_DEPLOYMENT_TARGET = 14.4;
				MTL_ENABLE_DEBUG_INFO = NO;
				MTL_FAST_MATH = YES;
				SDKROOT = iphoneos;
				SWIFT_COMPILATION_MODE = wholemodule;
				SWIFT_OPTIMIZATION_LEVEL = "-O";
				VALIDATE_PRODUCT = YES;
			};
			name = Release;
		};
		D35D913726089DDE00E345BD /* Debug */ = {
			isa = XCBuildConfiguration;
			buildSettings = {
				ASSETCATALOG_COMPILER_APPICON_NAME = AppIcon;
				ASSETCATALOG_COMPILER_GLOBAL_ACCENT_COLOR_NAME = AccentColor;
				CODE_SIGN_STYLE = Automatic;
				INFOPLIST_FILE = MyCustomViewProject/Info.plist;
				LD_RUNPATH_SEARCH_PATHS = (
					"$(inherited)",
					"@executable_path/Frameworks",
				);
				PRODUCT_BUNDLE_IDENTIFIER = itsserhioball.MyCustomViewProject;
				PRODUCT_NAME = "$(TARGET_NAME)";
				SWIFT_VERSION = 5.0;
				TARGETED_DEVICE_FAMILY = "1,2";
			};
			name = Debug;
		};
		D35D913826089DDE00E345BD /* Release */ = {
			isa = XCBuildConfiguration;
			buildSettings = {
				ASSETCATALOG_COMPILER_APPICON_NAME = AppIcon;
				ASSETCATALOG_COMPILER_GLOBAL_ACCENT_COLOR_NAME = AccentColor;
				CODE_SIGN_STYLE = Automatic;
				INFOPLIST_FILE = MyCustomViewProject/Info.plist;
				LD_RUNPATH_SEARCH_PATHS = (
					"$(inherited)",
					"@executable_path/Frameworks",
				);
				PRODUCT_BUNDLE_IDENTIFIER = itsserhioball.MyCustomViewProject;
				PRODUCT_NAME = "$(TARGET_NAME)";
				SWIFT_VERSION = 5.0;
				TARGETED_DEVICE_FAMILY = "1,2";
			};
			name = Release;
		};
/* End XCBuildConfiguration section */

/* Begin XCConfigurationList section */
		D35D911D26089DDB00E345BD /* Build configuration list for PBXProject "MyCustomViewProject" */ = {
			isa = XCConfigurationList;
			buildConfigurations = (
				D35D913426089DDE00E345BD /* Debug */,
				D35D913526089DDE00E345BD /* Release */,
			);
			defaultConfigurationIsVisible = 0;
			defaultConfigurationName = Release;
		};
		D35D913626089DDE00E345BD /* Build configuration list for PBXNativeTarget "MyCustomViewProject" */ = {
			isa = XCConfigurationList;
			buildConfigurations = (
				D35D913726089DDE00E345BD /* Debug */,
				D35D913826089DDE00E345BD /* Release */,
			);
			defaultConfigurationIsVisible = 0;
			defaultConfigurationName = Release;
		};
/* End XCConfigurationList section */
	};
	rootObject = D35D911A26089DDB00E345BD /* Project object */;
}
